
Microsoft Visual Studio Solution File, Format Version 12.00
# Visual Studio Version 16
VisualStudioVersion = 16.0.29025.244
MinimumVisualStudioVersion = 10.0.40219.1
Project("{FAE04EC0-301F-11D3-BF4B-00C04F79EFBC}") = "OOPTutorial", "OOPTutorial\OOPTutorial.csproj", "{563CF951-D49B-4ADC-A415-E493B92DC932}"
EndProject
Global
	GlobalSection(SolutionConfigurationPlatforms) = preSolution
		Debug|Any CPU = Debug|Any CPU
		Release|Any CPU = Release|Any CPU
	EndGlobalSection
	GlobalSection(ProjectConfigurationPlatforms) = postSolution
		{563CF951-D49B-4ADC-A415-E493B92DC932}.Debug|Any CPU.ActiveCfg = Debug|Any CPU
		{563CF951-D49B-4ADC-A415-E493B92DC932}.Debug|Any CPU.Build.0 = Debug|Any CPU
		{563CF951-D49B-4ADC-A415-E493B92DC932}.Release|Any CPU.ActiveCfg = Release|Any CPU
		{563CF951-D49B-4ADC-A415-E493B92DC932}.Release|Any CPU.Build.0 = Release|Any CPU
	EndGlobalSection
	GlobalSection(SolutionProperties) = preSolution
		HideSolutionNode = FALSE
	EndGlobalSection
	GlobalSection(ExtensibilityGlobals) = postSolution
		SolutionGuid = {0BEA2EA6-F460-497E-AE0A-4AAC9F599757}
	EndGlobalSection
EndGlobal
